
Microsoft Visual Studio Solution File, Format Version 10.00
# Visual Studio 2008
# SharpDevelop 3.2.1.6466
Project("{FAE04EC0-301F-11D3-BF4B-00C04F79EFBC}") = "AssemblyLoad", "AssemblyLoad\AssemblyLoad.csproj", "{67C4527C-A791-40E2-BE4B-F7A3B7A21635}"
EndProject
Global
	GlobalSection(SolutionConfigurationPlatforms) = preSolution
		Debug|x86 = Debug|x86
		Release|x86 = Release|x86
	EndGlobalSection
	GlobalSection(ProjectConfigurationPlatforms) = postSolution
		{67C4527C-A791-40E2-BE4B-F7A3B7A21635}.Debug|x86.Build.0 = Debug|x86
		{67C4527C-A791-40E2-BE4B-F7A3B7A21635}.Debug|x86.ActiveCfg = Debug|x86
		{67C4527C-A791-40E2-BE4B-F7A3B7A21635}.Release|x86.Build.0 = Release|x86
		{67C4527C-A791-40E2-BE4B-F7A3B7A21635}.Release|x86.ActiveCfg = Release|x86
	EndGlobalSection
EndGlobal
